{
	"name": "@joelek/websockets",
	"version": "2.3.1",
	"lockfileVersion": 2,
	"requires": true,
	"packages": {
		"": {
			"name": "@joelek/websockets",
			"version": "2.3.1",
			"license": "MIT",
			"dependencies": {
				"@joelek/stdlib": "github:joelek/stdlib#semver:^1.0"
			},
			"devDependencies": {
				"@types/node": "^16.7",
				"typescript": "^4.0"
			}
		},
		"node_modules/@joelek/stdlib": {
			"version": "1.5.1",
			"resolved": "git+ssh://git@github.com/joelek/stdlib.git#83919daa5b3f614d17b13d3a9102590ca2e9cc6c",
			"license": "MIT"
		},
		"node_modules/@types/node": {
			"version": "16.18.4",
			"resolved": "https://registry.npmjs.org/@types/node/-/node-16.18.4.tgz",
			"integrity": "sha512-9qGjJ5GyShZjUfx2ArBIGM+xExdfLvvaCyQR0t6yRXKPcWCVYF/WemtX/uIU3r7FYECXRXkIiw2Vnhn6y8d+pw==",
			"dev": true
		},
		"node_modules/typescript": {
			"version": "4.9.3",
			"resolved": "https://registry.npmjs.org/typescript/-/typescript-4.9.3.tgz",
			"integrity": "sha512-CIfGzTelbKNEnLpLdGFgdyKhG23CKdKgQPOBc+OUNrkJ2vr+KSzsSV5kq5iWhEQbok+quxgGzrAtGWCyU7tHnA==",
			"dev": true,
			"bin": {
				"tsc": "bin/tsc",
				"tsserver": "bin/tsserver"
			},
			"engines": {
				"node": ">=4.2.0"
			}
		}
	},
	"dependencies": {
		"@joelek/stdlib": {
			"version": "git+ssh://git@github.com/joelek/stdlib.git#83919daa5b3f614d17b13d3a9102590ca2e9cc6c",
			"from": "@joelek/stdlib@github:joelek/stdlib#semver:^1.0"
		},
		"@types/node": {
			"version": "16.18.4",
			"resolved": "https://registry.npmjs.org/@types/node/-/node-16.18.4.tgz",
			"integrity": "sha512-9qGjJ5GyShZjUfx2ArBIGM+xExdfLvvaCyQR0t6yRXKPcWCVYF/WemtX/uIU3r7FYECXRXkIiw2Vnhn6y8d+pw==",
			"dev": true
		},
		"typescript": {
			"version": "4.9.3",
			"resolved": "https://registry.npmjs.org/typescript/-/typescript-4.9.3.tgz",
			"integrity": "sha512-CIfGzTelbKNEnLpLdGFgdyKhG23CKdKgQPOBc+OUNrkJ2vr+KSzsSV5kq5iWhEQbok+quxgGzrAtGWCyU7tHnA==",
			"dev": true
		}
	}
}
